// !$*UTF8*$!
{
	archiveVersion = 1;
	classes = {
	};
	objectVersion = 48;
	objects = {

/* Begin PBXBuildFile section */
		765A457720A38E2D0082FB7A /* AppDelegate.swift in Sources */ = {isa = PBXBuildFile; fileRef = 765A457620A38E2D0082FB7A /* AppDelegate.swift */; };
		765A457E20A38E2D0082FB7A /* Assets.xcassets in Resources */ = {isa = PBXBuildFile; fileRef = 765A457D20A38E2D0082FB7A /* Assets.xcassets */; };
		765A458120A38E2D0082FB7A /* LaunchScreen.storyboard in Resources */ = {isa = PBXBuildFile; fileRef = 765A457F20A38E2D0082FB7A /* LaunchScreen.storyboard */; };
		765A458920A38EC60082FB7A /* CustomTabBarController.swift in Sources */ = {isa = PBXBuildFile; fileRef = 765A458820A38EC60082FB7A /* CustomTabBarController.swift */; };
		765A458B20A38F290082FB7A /* CalendarsController.swift in Sources */ = {isa = PBXBuildFile; fileRef = 765A458A20A38F290082FB7A /* CalendarsController.swift */; };
		765A458D20A390250082FB7A /* EntriesController.swift in Sources */ = {isa = PBXBuildFile; fileRef = 765A458C20A390250082FB7A /* EntriesController.swift */; };
		765A459A20A3997A0082FB7A /* Date+Components.swift in Sources */ = {isa = PBXBuildFile; fileRef = 765A459920A3997A0082FB7A /* Date+Components.swift */; };
		765A459D20A39FBD0082FB7A /* Weekday.swift in Sources */ = {isa = PBXBuildFile; fileRef = 765A459C20A39FBD0082FB7A /* Weekday.swift */; };
		765A459F20A39FCB0082FB7A /* Month.swift in Sources */ = {isa = PBXBuildFile; fileRef = 765A459E20A39FCB0082FB7A /* Month.swift */; };
		765A45A120A39FFA0082FB7A /* Year.swift in Sources */ = {isa = PBXBuildFile; fileRef = 765A45A020A39FFA0082FB7A /* Year.swift */; };
		765A45B720A3BD3B0082FB7A /* Date+Format.swift in Sources */ = {isa = PBXBuildFile; fileRef = 765A45B620A3BD3B0082FB7A /* Date+Format.swift */; };
/* End PBXBuildFile section */

/* Begin PBXFileReference section */
		765A457320A38E2D0082FB7A /* Dreamer.app */ = {isa = PBXFileReference; explicitFileType = wrapper.application; includeInIndex = 0; path = Dreamer.app; sourceTree = BUILT_PRODUCTS_DIR; };
		765A457620A38E2D0082FB7A /* AppDelegate.swift */ = {isa = PBXFileReference; lastKnownFileType = sourcecode.swift; path = AppDelegate.swift; sourceTree = "<group>"; };
		765A457D20A38E2D0082FB7A /* Assets.xcassets */ = {isa = PBXFileReference; lastKnownFileType = folder.assetcatalog; path = Assets.xcassets; sourceTree = "<group>"; };
		765A458020A38E2D0082FB7A /* Base */ = {isa = PBXFileReference; lastKnownFileType = file.storyboard; name = Base; path = Base.lproj/LaunchScreen.storyboard; sourceTree = "<group>"; };
		765A458220A38E2E0082FB7A /* Info.plist */ = {isa = PBXFileReference; lastKnownFileType = text.plist.xml; path = Info.plist; sourceTree = "<group>"; };
		765A458820A38EC60082FB7A /* CustomTabBarController.swift */ = {isa = PBXFileReference; lastKnownFileType = sourcecode.swift; path = CustomTabBarController.swift; sourceTree = "<group>"; };
		765A458A20A38F290082FB7A /* CalendarsController.swift */ = {isa = PBXFileReference; lastKnownFileType = sourcecode.swift; path = CalendarsController.swift; sourceTree = "<group>"; };
		765A458C20A390250082FB7A /* EntriesController.swift */ = {isa = PBXFileReference; lastKnownFileType = sourcecode.swift; path = EntriesController.swift; sourceTree = "<group>"; };
		765A459920A3997A0082FB7A /* Date+Components.swift */ = {isa = PBXFileReference; lastKnownFileType = sourcecode.swift; path = "Date+Components.swift"; sourceTree = "<group>"; };
		765A459C20A39FBD0082FB7A /* Weekday.swift */ = {isa = PBXFileReference; lastKnownFileType = sourcecode.swift; path = Weekday.swift; sourceTree = "<group>"; };
		765A459E20A39FCB0082FB7A /* Month.swift */ = {isa = PBXFileReference; lastKnownFileType = sourcecode.swift; path = Month.swift; sourceTree = "<group>"; };
		765A45A020A39FFA0082FB7A /* Year.swift */ = {isa = PBXFileReference; lastKnownFileType = sourcecode.swift; path = Year.swift; sourceTree = "<group>"; };
		765A45B620A3BD3B0082FB7A /* Date+Format.swift */ = {isa = PBXFileReference; lastKnownFileType = sourcecode.swift; path = "Date+Format.swift"; sourceTree = "<group>"; };
/* End PBXFileReference section */

/* Begin PBXFrameworksBuildPhase section */
		765A457020A38E2D0082FB7A /* Frameworks */ = {
			isa = PBXFrameworksBuildPhase;
			buildActionMask = 2147483647;
			files = (
			);
			runOnlyForDeploymentPostprocessing = 0;
		};
/* End PBXFrameworksBuildPhase section */

/* Begin PBXGroup section */
		765A456A20A38E2D0082FB7A = {
			isa = PBXGroup;
			children = (
				765A457520A38E2D0082FB7A /* Dreamer */,
				765A457420A38E2D0082FB7A /* Products */,
			);
			sourceTree = "<group>";
		};
		765A457420A38E2D0082FB7A /* Products */ = {
			isa = PBXGroup;
			children = (
				765A457320A38E2D0082FB7A /* Dreamer.app */,
			);
			name = Products;
			sourceTree = "<group>";
		};
		765A457520A38E2D0082FB7A /* Dreamer */ = {
			isa = PBXGroup;
			children = (
				765A459120A391170082FB7A /* Main */,
				765A459020A391000082FB7A /* TabBar */,
				765A458F20A390F80082FB7A /* List */,
				765A458E20A390EF0082FB7A /* Calendar */,
			);
			path = Dreamer;
			sourceTree = "<group>";
		};
		765A458E20A390EF0082FB7A /* Calendar */ = {
			isa = PBXGroup;
			children = (
				765A459B20A39FAE0082FB7A /* Date */,
				765A458A20A38F290082FB7A /* CalendarsController.swift */,
			);
			path = Calendar;
			sourceTree = "<group>";
		};
		765A458F20A390F80082FB7A /* List */ = {
			isa = PBXGroup;
			children = (
				765A458C20A390250082FB7A /* EntriesController.swift */,
			);
			path = List;
			sourceTree = "<group>";
		};
		765A459020A391000082FB7A /* TabBar */ = {
			isa = PBXGroup;
			children = (
				765A458820A38EC60082FB7A /* CustomTabBarController.swift */,
			);
			path = TabBar;
			sourceTree = "<group>";
		};
		765A459120A391170082FB7A /* Main */ = {
			isa = PBXGroup;
			children = (
				765A459820A399620082FB7A /* Extensions */,
				765A457620A38E2D0082FB7A /* AppDelegate.swift */,
				765A457F20A38E2D0082FB7A /* LaunchScreen.storyboard */,
				765A458220A38E2E0082FB7A /* Info.plist */,
				765A459220A391370082FB7A /* Resources */,
			);
			path = Main;
			sourceTree = "<group>";
		};
		765A459220A391370082FB7A /* Resources */ = {
			isa = PBXGroup;
			children = (
				765A457D20A38E2D0082FB7A /* Assets.xcassets */,
			);
			path = Resources;
			sourceTree = "<group>";
		};
		765A459820A399620082FB7A /* Extensions */ = {
			isa = PBXGroup;
			children = (
				765A45B820A3BD440082FB7A /* Date */,
			);
			path = Extensions;
			sourceTree = "<group>";
		};
		765A459B20A39FAE0082FB7A /* Date */ = {
			isa = PBXGroup;
			children = (
				765A459C20A39FBD0082FB7A /* Weekday.swift */,
				765A459E20A39FCB0082FB7A /* Month.swift */,
				765A45A020A39FFA0082FB7A /* Year.swift */,
			);
			path = Date;
			sourceTree = "<group>";
		};
		765A45B820A3BD440082FB7A /* Date */ = {
			isa = PBXGroup;
			children = (
				765A459920A3997A0082FB7A /* Date+Components.swift */,
				765A45B620A3BD3B0082FB7A /* Date+Format.swift */,
			);
			path = Date;
			sourceTree = "<group>";
		};
/* End PBXGroup section */

/* Begin PBXNativeTarget section */
		765A457220A38E2D0082FB7A /* Dreamer */ = {
			isa = PBXNativeTarget;
			buildConfigurationList = 765A458520A38E2E0082FB7A /* Build configuration list for PBXNativeTarget "Dreamer" */;
			buildPhases = (
				765A456F20A38E2D0082FB7A /* Sources */,
				765A457020A38E2D0082FB7A /* Frameworks */,
				765A457120A38E2D0082FB7A /* Resources */,
			);
			buildRules = (
			);
			dependencies = (
			);
			name = Dreamer;
			productName = Dreamer;
			productReference = 765A457320A38E2D0082FB7A /* Dreamer.app */;
			productType = "com.apple.product-type.application";
		};
/* End PBXNativeTarget section */

/* Begin PBXProject section */
		765A456B20A38E2D0082FB7A /* Project object */ = {
			isa = PBXProject;
			attributes = {
				LastSwiftUpdateCheck = 0920;
				LastUpgradeCheck = 0920;
				ORGANIZATIONNAME = "justncode LLC";
				TargetAttributes = {
					765A457220A38E2D0082FB7A = {
						CreatedOnToolsVersion = 9.2;
						ProvisioningStyle = Automatic;
					};
				};
			};
			buildConfigurationList = 765A456E20A38E2D0082FB7A /* Build configuration list for PBXProject "Dreamer" */;
			compatibilityVersion = "Xcode 8.0";
			developmentRegion = en;
			hasScannedForEncodings = 0;
			knownRegions = (
				en,
				Base,
			);
			mainGroup = 765A456A20A38E2D0082FB7A;
			productRefGroup = 765A457420A38E2D0082FB7A /* Products */;
			projectDirPath = "";
			projectRoot = "";
			targets = (
				765A457220A38E2D0082FB7A /* Dreamer */,
			);
		};
/* End PBXProject section */

/* Begin PBXResourcesBuildPhase section */
		765A457120A38E2D0082FB7A /* Resources */ = {
			isa = PBXResourcesBuildPhase;
			buildActionMask = 2147483647;
			files = (
				765A458120A38E2D0082FB7A /* LaunchScreen.storyboard in Resources */,
				765A457E20A38E2D0082FB7A /* Assets.xcassets in Resources */,
			);
			runOnlyForDeploymentPostprocessing = 0;
		};
/* End PBXResourcesBuildPhase section */

/* Begin PBXSourcesBuildPhase section */
		765A456F20A38E2D0082FB7A /* Sources */ = {
			isa = PBXSourcesBuildPhase;
			buildActionMask = 2147483647;
			files = (
				765A45B720A3BD3B0082FB7A /* Date+Format.swift in Sources */,
				765A459A20A3997A0082FB7A /* Date+Components.swift in Sources */,
				765A458D20A390250082FB7A /* EntriesController.swift in Sources */,
				765A459F20A39FCB0082FB7A /* Month.swift in Sources */,
				765A459D20A39FBD0082FB7A /* Weekday.swift in Sources */,
				765A458920A38EC60082FB7A /* CustomTabBarController.swift in Sources */,
				765A457720A38E2D0082FB7A /* AppDelegate.swift in Sources */,
				765A45A120A39FFA0082FB7A /* Year.swift in Sources */,
				765A458B20A38F290082FB7A /* CalendarsController.swift in Sources */,
			);
			runOnlyForDeploymentPostprocessing = 0;
		};
/* End PBXSourcesBuildPhase section */

/* Begin PBXVariantGroup section */
		765A457F20A38E2D0082FB7A /* LaunchScreen.storyboard */ = {
			isa = PBXVariantGroup;
			children = (
				765A458020A38E2D0082FB7A /* Base */,
			);
			name = LaunchScreen.storyboard;
			sourceTree = "<group>";
		};
/* End PBXVariantGroup section */

/* Begin XCBuildConfiguration section */
		765A458320A38E2E0082FB7A /* Debug */ = {
			isa = XCBuildConfiguration;
			buildSettings = {
				ALWAYS_SEARCH_USER_PATHS = NO;
				CLANG_ANALYZER_NONNULL = YES;
				CLANG_ANALYZER_NUMBER_OBJECT_CONVERSION = YES_AGGRESSIVE;
				CLANG_CXX_LANGUAGE_STANDARD = "gnu++14";
				CLANG_CXX_LIBRARY = "libc++";
				CLANG_ENABLE_MODULES = YES;
				CLANG_ENABLE_OBJC_ARC = YES;
				CLANG_WARN_BLOCK_CAPTURE_AUTORELEASING = YES;
				CLANG_WARN_BOOL_CONVERSION = YES;
				CLANG_WARN_COMMA = YES;
				CLANG_WARN_CONSTANT_CONVERSION = YES;
				CLANG_WARN_DIRECT_OBJC_ISA_USAGE = YES_ERROR;
				CLANG_WARN_DOCUMENTATION_COMMENTS = YES;
				CLANG_WARN_EMPTY_BODY = YES;
				CLANG_WARN_ENUM_CONVERSION = YES;
				CLANG_WARN_INFINITE_RECURSION = YES;
				CLANG_WARN_INT_CONVERSION = YES;
				CLANG_WARN_NON_LITERAL_NULL_CONVERSION = YES;
				CLANG_WARN_OBJC_LITERAL_CONVERSION = YES;
				CLANG_WARN_OBJC_ROOT_CLASS = YES_ERROR;
				CLANG_WARN_RANGE_LOOP_ANALYSIS = YES;
				CLANG_WARN_STRICT_PROTOTYPES = YES;
				CLANG_WARN_SUSPICIOUS_MOVE = YES;
				CLANG_WARN_UNGUARDED_AVAILABILITY = YES_AGGRESSIVE;
				CLANG_WARN_UNREACHABLE_CODE = YES;
				CLANG_WARN__DUPLICATE_METHOD_MATCH = YES;
				CODE_SIGN_IDENTITY = "iPhone Developer";
				COPY_PHASE_STRIP = NO;
				DEBUG_INFORMATION_FORMAT = dwarf;
				ENABLE_STRICT_OBJC_MSGSEND = YES;
				ENABLE_TESTABILITY = YES;
				GCC_C_LANGUAGE_STANDARD = gnu11;
				GCC_DYNAMIC_NO_PIC = NO;
				GCC_NO_COMMON_BLOCKS = YES;
				GCC_OPTIMIZATION_LEVEL = 0;
				GCC_PREPROCESSOR_DEFINITIONS = (
					"DEBUG=1",
					"$(inherited)",
				);
				GCC_WARN_64_TO_32_BIT_CONVERSION = YES;
				GCC_WARN_ABOUT_RETURN_TYPE = YES_ERROR;
				GCC_WARN_UNDECLARED_SELECTOR = YES;
				GCC_WARN_UNINITIALIZED_AUTOS = YES_AGGRESSIVE;
				GCC_WARN_UNUSED_FUNCTION = YES;
				GCC_WARN_UNUSED_VARIABLE = YES;
				IPHONEOS_DEPLOYMENT_TARGET = 11.2;
				MTL_ENABLE_DEBUG_INFO = YES;
				ONLY_ACTIVE_ARCH = YES;
				SDKROOT = iphoneos;
				SWIFT_ACTIVE_COMPILATION_CONDITIONS = DEBUG;
				SWIFT_OPTIMIZATION_LEVEL = "-Onone";
			};
			name = Debug;
		};
		765A458420A38E2E0082FB7A /* Release */ = {
			isa = XCBuildConfiguration;
			buildSettings = {
				ALWAYS_SEARCH_USER_PATHS = NO;
				CLANG_ANALYZER_NONNULL = YES;
				CLANG_ANALYZER_NUMBER_OBJECT_CONVERSION = YES_AGGRESSIVE;
				CLANG_CXX_LANGUAGE_STANDARD = "gnu++14";
				CLANG_CXX_LIBRARY = "libc++";
				CLANG_ENABLE_MODULES = YES;
				CLANG_ENABLE_OBJC_ARC = YES;
				CLANG_WARN_BLOCK_CAPTURE_AUTORELEASING = YES;
				CLANG_WARN_BOOL_CONVERSION = YES;
				CLANG_WARN_COMMA = YES;
				CLANG_WARN_CONSTANT_CONVERSION = YES;
				CLANG_WARN_DIRECT_OBJC_ISA_USAGE = YES_ERROR;
				CLANG_WARN_DOCUMENTATION_COMMENTS = YES;
				CLANG_WARN_EMPTY_BODY = YES;
				CLANG_WARN_ENUM_CONVERSION = YES;
				CLANG_WARN_INFINITE_RECURSION = YES;
				CLANG_WARN_INT_CONVERSION = YES;
				CLANG_WARN_NON_LITERAL_NULL_CONVERSION = YES;
				CLANG_WARN_OBJC_LITERAL_CONVERSION = YES;
				CLANG_WARN_OBJC_ROOT_CLASS = YES_ERROR;
				CLANG_WARN_RANGE_LOOP_ANALYSIS = YES;
				CLANG_WARN_STRICT_PROTOTYPES = YES;
				CLANG_WARN_SUSPICIOUS_MOVE = YES;
				CLANG_WARN_UNGUARDED_AVAILABILITY = YES_AGGRESSIVE;
				CLANG_WARN_UNREACHABLE_CODE = YES;
				CLANG_WARN__DUPLICATE_METHOD_MATCH = YES;
				CODE_SIGN_IDENTITY = "iPhone Developer";
				COPY_PHASE_STRIP = NO;
				DEBUG_INFORMATION_FORMAT = "dwarf-with-dsym";
				ENABLE_NS_ASSERTIONS = NO;
				ENABLE_STRICT_OBJC_MSGSEND = YES;
				GCC_C_LANGUAGE_STANDARD = gnu11;
				GCC_NO_COMMON_BLOCKS = YES;
				GCC_WARN_64_TO_32_BIT_CONVERSION = YES;
				GCC_WARN_ABOUT_RETURN_TYPE = YES_ERROR;
				GCC_WARN_UNDECLARED_SELECTOR = YES;
				GCC_WARN_UNINITIALIZED_AUTOS = YES_AGGRESSIVE;
				GCC_WARN_UNUSED_FUNCTION = YES;
				GCC_WARN_UNUSED_VARIABLE = YES;
				IPHONEOS_DEPLOYMENT_TARGET = 11.2;
				MTL_ENABLE_DEBUG_INFO = NO;
				SDKROOT = iphoneos;
				SWIFT_OPTIMIZATION_LEVEL = "-Owholemodule";
				VALIDATE_PRODUCT = YES;
			};
			name = Release;
		};
		765A458620A38E2E0082FB7A /* Debug */ = {
			isa = XCBuildConfiguration;
			buildSettings = {
				ASSETCATALOG_COMPILER_APPICON_NAME = AppIcon;
				CODE_SIGN_STYLE = Automatic;
				DEVELOPMENT_TEAM = 3G7JW8J942;
				INFOPLIST_FILE = "$(SRCROOT)/Dreamer/Main/Info.plist";
				LD_RUNPATH_SEARCH_PATHS = "$(inherited) @executable_path/Frameworks";
				PRODUCT_BUNDLE_IDENTIFIER = com.justncode.Dreamer;
				PRODUCT_NAME = "$(TARGET_NAME)";
				SWIFT_VERSION = 4.0;
				TARGETED_DEVICE_FAMILY = "1,2";
			};
			name = Debug;
		};
		765A458720A38E2E0082FB7A /* Release */ = {
			isa = XCBuildConfiguration;
			buildSettings = {
				ASSETCATALOG_COMPILER_APPICON_NAME = AppIcon;
				CODE_SIGN_STYLE = Automatic;
				DEVELOPMENT_TEAM = 3G7JW8J942;
				INFOPLIST_FILE = "$(SRCROOT)/Dreamer/Main/Info.plist";
				LD_RUNPATH_SEARCH_PATHS = "$(inherited) @executable_path/Frameworks";
				PRODUCT_BUNDLE_IDENTIFIER = com.justncode.Dreamer;
				PRODUCT_NAME = "$(TARGET_NAME)";
				SWIFT_VERSION = 4.0;
				TARGETED_DEVICE_FAMILY = "1,2";
			};
			name = Release;
		};
/* End XCBuildConfiguration section */

/* Begin XCConfigurationList section */
		765A456E20A38E2D0082FB7A /* Build configuration list for PBXProject "Dreamer" */ = {
			isa = XCConfigurationList;
			buildConfigurations = (
				765A458320A38E2E0082FB7A /* Debug */,
				765A458420A38E2E0082FB7A /* Release */,
			);
			defaultConfigurationIsVisible = 0;
			defaultConfigurationName = Release;
		};
		765A458520A38E2E0082FB7A /* Build configuration list for PBXNativeTarget "Dreamer" */ = {
			isa = XCConfigurationList;
			buildConfigurations = (
				765A458620A38E2E0082FB7A /* Debug */,
				765A458720A38E2E0082FB7A /* Release */,
			);
			defaultConfigurationIsVisible = 0;
			defaultConfigurationName = Release;
		};
/* End XCConfigurationList section */
	};
	rootObject = 765A456B20A38E2D0082FB7A /* Project object */;
}
